
Microsoft Visual Studio Solution File, Format Version 11.00
# Visual Studio 2010
Project("{FAE04EC0-301F-11D3-BF4B-00C04F79EFBC}") = "Unity.Timeline", "Unity.Timeline.csproj", "{6fde84c9-fada-75be-4e19-68575fd4c9ba}"
EndProject
Project("{FAE04EC0-301F-11D3-BF4B-00C04F79EFBC}") = "Unity.Timeline.Editor", "Unity.Timeline.Editor.csproj", "{d260e7f1-665b-c80f-63ae-f84c041b1c21}"
EndProject
Project("{FAE04EC0-301F-11D3-BF4B-00C04F79EFBC}") = "Unity.TextMeshPro.Editor", "Unity.TextMeshPro.Editor.csproj", "{98e386f3-112c-3ad9-6997-ed3efec9e001}"
EndProject
Project("{FAE04EC0-301F-11D3-BF4B-00C04F79EFBC}") = "Unity.VisualScripting.Flow", "Unity.VisualScripting.Flow.csproj", "{5da08604-9368-6937-44be-cc48ea7a19e8}"
EndProject
Project("{FAE04EC0-301F-11D3-BF4B-00C04F79EFBC}") = "UnityEditor.UI", "UnityEditor.UI.csproj", "{8b506421-e6cd-230c-0042-a515686f1b3f}"
EndProject
Project("{FAE04EC0-301F-11D3-BF4B-00C04F79EFBC}") = "Unity.VisualScripting.Core", "Unity.VisualScripting.Core.csproj", "{499d05c1-3c3c-9b51-4548-ccd3936124d6}"
EndProject
Project("{FAE04EC0-301F-11D3-BF4B-00C04F79EFBC}") = "Unity.VisualScripting.Core.Editor", "Unity.VisualScripting.Core.Editor.csproj", "{20c1a9d3-e78d-6795-3070-294c23133af4}"
EndProject
Project("{FAE04EC0-301F-11D3-BF4B-00C04F79EFBC}") = "Unity.VisualScripting.Flow.Editor", "Unity.VisualScripting.Flow.Editor.csproj", "{c8a929b8-ae34-336d-fcfc-ee6fb3bdb99e}"
EndProject
Project("{FAE04EC0-301F-11D3-BF4B-00C04F79EFBC}") = "UnityEditor.TestRunner", "UnityEditor.TestRunner.csproj", "{0ea6cc8e-d045-43e3-a9b0-930c9bc1e57b}"
EndProject
Project("{FAE04EC0-301F-11D3-BF4B-00C04F79EFBC}") = "Unity.VisualScripting.SettingsProvider.Editor", "Unity.VisualScripting.SettingsProvider.Editor.csproj", "{151fb876-2c1d-2386-726b-8a3a085ecdb2}"
EndProject
Project("{FAE04EC0-301F-11D3-BF4B-00C04F79EFBC}") = "UnityEngine.TestRunner", "UnityEngine.TestRunner.csproj", "{a97ebc9c-e6a9-3a8a-46da-368867dedcf8}"
EndProject
Project("{FAE04EC0-301F-11D3-BF4B-00C04F79EFBC}") = "UnityEngine.UI", "UnityEngine.UI.csproj", "{c3ad1fd3-3eb5-e6c1-3dc1-c08a743324b9}"
EndProject
Project("{FAE04EC0-301F-11D3-BF4B-00C04F79EFBC}") = "Unity.VisualScripting.State.Editor", "Unity.VisualScripting.State.Editor.csproj", "{3161d4d3-3660-2996-1c55-b863a362f89d}"
EndProject
Project("{FAE04EC0-301F-11D3-BF4B-00C04F79EFBC}") = "Unity.VisualScripting.State", "Unity.VisualScripting.State.csproj", "{b47214e8-9e1f-1414-0484-ebaea42243eb}"
EndProject
Project("{FAE04EC0-301F-11D3-BF4B-00C04F79EFBC}") = "Assembly-CSharp", "Assembly-CSharp.csproj", "{df7c33ce-d6bf-721b-7644-ff03982ecdbb}"
EndProject
Project("{FAE04EC0-301F-11D3-BF4B-00C04F79EFBC}") = "Unity.TextMeshPro", "Unity.TextMeshPro.csproj", "{b624df14-724e-a5d4-5010-e1e23709bdfd}"
EndProject
Project("{FAE04EC0-301F-11D3-BF4B-00C04F79EFBC}") = "Unity.VSCode.Editor", "Unity.VSCode.Editor.csproj", "{23bcbdec-a139-8c6e-8f17-b1159ca5eec8}"
EndProject
Project("{FAE04EC0-301F-11D3-BF4B-00C04F79EFBC}") = "Assembly-CSharp-Editor", "Assembly-CSharp-Editor.csproj", "{3eb97d0a-0426-5bce-9675-f1ce8cf42665}"
EndProject
Project("{FAE04EC0-301F-11D3-BF4B-00C04F79EFBC}") = "Unity.VisualScripting.Shared.Editor", "Unity.VisualScripting.Shared.Editor.csproj", "{0c077dcf-f036-3557-8aca-c2672f96bc78}"
EndProject
Global
	GlobalSection(SolutionConfigurationPlatforms) = preSolution
		Debug|Any CPU = Debug|Any CPU
	EndGlobalSection
	GlobalSection(ProjectConfigurationPlatforms) = postSolution
		{6fde84c9-fada-75be-4e19-68575fd4c9ba}.Debug|Any CPU.ActiveCfg = Debug|Any CPU
		{6fde84c9-fada-75be-4e19-68575fd4c9ba}.Debug|Any CPU.Build.0 = Debug|Any CPU
		{d260e7f1-665b-c80f-63ae-f84c041b1c21}.Debug|Any CPU.ActiveCfg = Debug|Any CPU
		{d260e7f1-665b-c80f-63ae-f84c041b1c21}.Debug|Any CPU.Build.0 = Debug|Any CPU
		{98e386f3-112c-3ad9-6997-ed3efec9e001}.Debug|Any CPU.ActiveCfg = Debug|Any CPU
		{98e386f3-112c-3ad9-6997-ed3efec9e001}.Debug|Any CPU.Build.0 = Debug|Any CPU
		{5da08604-9368-6937-44be-cc48ea7a19e8}.Debug|Any CPU.ActiveCfg = Debug|Any CPU
		{5da08604-9368-6937-44be-cc48ea7a19e8}.Debug|Any CPU.Build.0 = Debug|Any CPU
		{8b506421-e6cd-230c-0042-a515686f1b3f}.Debug|Any CPU.ActiveCfg = Debug|Any CPU
		{8b506421-e6cd-230c-0042-a515686f1b3f}.Debug|Any CPU.Build.0 = Debug|Any CPU
		{499d05c1-3c3c-9b51-4548-ccd3936124d6}.Debug|Any CPU.ActiveCfg = Debug|Any CPU
		{499d05c1-3c3c-9b51-4548-ccd3936124d6}.Debug|Any CPU.Build.0 = Debug|Any CPU
		{20c1a9d3-e78d-6795-3070-294c23133af4}.Debug|Any CPU.ActiveCfg = Debug|Any CPU
		{20c1a9d3-e78d-6795-3070-294c23133af4}.Debug|Any CPU.Build.0 = Debug|Any CPU
		{c8a929b8-ae34-336d-fcfc-ee6fb3bdb99e}.Debug|Any CPU.ActiveCfg = Debug|Any CPU
		{c8a929b8-ae34-336d-fcfc-ee6fb3bdb99e}.Debug|Any CPU.Build.0 = Debug|Any CPU
		{0ea6cc8e-d045-43e3-a9b0-930c9bc1e57b}.Debug|Any CPU.ActiveCfg = Debug|Any CPU
		{0ea6cc8e-d045-43e3-a9b0-930c9bc1e57b}.Debug|Any CPU.Build.0 = Debug|Any CPU
		{151fb876-2c1d-2386-726b-8a3a085ecdb2}.Debug|Any CPU.ActiveCfg = Debug|Any CPU
		{151fb876-2c1d-2386-726b-8a3a085ecdb2}.Debug|Any CPU.Build.0 = Debug|Any CPU
		{a97ebc9c-e6a9-3a8a-46da-368867dedcf8}.Debug|Any CPU.ActiveCfg = Debug|Any CPU
		{a97ebc9c-e6a9-3a8a-46da-368867dedcf8}.Debug|Any CPU.Build.0 = Debug|Any CPU
		{c3ad1fd3-3eb5-e6c1-3dc1-c08a743324b9}.Debug|Any CPU.ActiveCfg = Debug|Any CPU
		{c3ad1fd3-3eb5-e6c1-3dc1-c08a743324b9}.Debug|Any CPU.Build.0 = Debug|Any CPU
		{3161d4d3-3660-2996-1c55-b863a362f89d}.Debug|Any CPU.ActiveCfg = Debug|Any CPU
		{3161d4d3-3660-2996-1c55-b863a362f89d}.Debug|Any CPU.Build.0 = Debug|Any CPU
		{b47214e8-9e1f-1414-0484-ebaea42243eb}.Debug|Any CPU.ActiveCfg = Debug|Any CPU
		{b47214e8-9e1f-1414-0484-ebaea42243eb}.Debug|Any CPU.Build.0 = Debug|Any CPU
		{df7c33ce-d6bf-721b-7644-ff03982ecdbb}.Debug|Any CPU.ActiveCfg = Debug|Any CPU
		{df7c33ce-d6bf-721b-7644-ff03982ecdbb}.Debug|Any CPU.Build.0 = Debug|Any CPU
		{b624df14-724e-a5d4-5010-e1e23709bdfd}.Debug|Any CPU.ActiveCfg = Debug|Any CPU
		{b624df14-724e-a5d4-5010-e1e23709bdfd}.Debug|Any CPU.Build.0 = Debug|Any CPU
		{23bcbdec-a139-8c6e-8f17-b1159ca5eec8}.Debug|Any CPU.ActiveCfg = Debug|Any CPU
		{23bcbdec-a139-8c6e-8f17-b1159ca5eec8}.Debug|Any CPU.Build.0 = Debug|Any CPU
		{3eb97d0a-0426-5bce-9675-f1ce8cf42665}.Debug|Any CPU.ActiveCfg = Debug|Any CPU
		{3eb97d0a-0426-5bce-9675-f1ce8cf42665}.Debug|Any CPU.Build.0 = Debug|Any CPU
		{0c077dcf-f036-3557-8aca-c2672f96bc78}.Debug|Any CPU.ActiveCfg = Debug|Any CPU
		{0c077dcf-f036-3557-8aca-c2672f96bc78}.Debug|Any CPU.Build.0 = Debug|Any CPU
	EndGlobalSection
	GlobalSection(SolutionProperties) = preSolution
		HideSolutionNode = FALSE
	EndGlobalSection
EndGlobal
